
Microsoft Visual Studio Solution File, Format Version 12.00
# Visual Studio Version 16
VisualStudioVersion = 16.0.34301.259
MinimumVisualStudioVersion = 10.0.40219.1
Project("{FAE04EC0-301F-11D3-BF4B-00C04F79EFBC}") = "Test", "Test\Test.csproj", "{EF02F934-D567-4C92-910E-0F49751834F5}"
EndProject
Project("{FAE04EC0-301F-11D3-BF4B-00C04F79EFBC}") = "korhenger", "korhenger\korhenger.csproj", "{695B6687-100D-435D-B976-E0B5D387C25B}"
EndProject
Project("{FAE04EC0-301F-11D3-BF4B-00C04F79EFBC}") = "korhengert", "korhengert\korhengert.csproj", "{426C1A64-91C2-4A41-81D9-A513E7F94768}"
EndProject
Project("{FAE04EC0-301F-11D3-BF4B-00C04F79EFBC}") = "AtvaltOOP", "AtvaltOOP\AtvaltOOP.csproj", "{7CDB51EB-5011-4F27-BE8A-740BB8326F36}"
EndProject
Global
	GlobalSection(SolutionConfigurationPlatforms) = preSolution
		Debug|Any CPU = Debug|Any CPU
		Release|Any CPU = Release|Any CPU
	EndGlobalSection
	GlobalSection(ProjectConfigurationPlatforms) = postSolution
		{EF02F934-D567-4C92-910E-0F49751834F5}.Debug|Any CPU.ActiveCfg = Debug|Any CPU
		{EF02F934-D567-4C92-910E-0F49751834F5}.Debug|Any CPU.Build.0 = Debug|Any CPU
		{EF02F934-D567-4C92-910E-0F49751834F5}.Release|Any CPU.ActiveCfg = Release|Any CPU
		{EF02F934-D567-4C92-910E-0F49751834F5}.Release|Any CPU.Build.0 = Release|Any CPU
		{695B6687-100D-435D-B976-E0B5D387C25B}.Debug|Any CPU.ActiveCfg = Debug|Any CPU
		{695B6687-100D-435D-B976-E0B5D387C25B}.Debug|Any CPU.Build.0 = Debug|Any CPU
		{695B6687-100D-435D-B976-E0B5D387C25B}.Release|Any CPU.ActiveCfg = Release|Any CPU
		{695B6687-100D-435D-B976-E0B5D387C25B}.Release|Any CPU.Build.0 = Release|Any CPU
		{426C1A64-91C2-4A41-81D9-A513E7F94768}.Debug|Any CPU.ActiveCfg = Debug|Any CPU
		{426C1A64-91C2-4A41-81D9-A513E7F94768}.Debug|Any CPU.Build.0 = Debug|Any CPU
		{426C1A64-91C2-4A41-81D9-A513E7F94768}.Release|Any CPU.ActiveCfg = Release|Any CPU
		{426C1A64-91C2-4A41-81D9-A513E7F94768}.Release|Any CPU.Build.0 = Release|Any CPU
		{7CDB51EB-5011-4F27-BE8A-740BB8326F36}.Debug|Any CPU.ActiveCfg = Debug|Any CPU
		{7CDB51EB-5011-4F27-BE8A-740BB8326F36}.Debug|Any CPU.Build.0 = Debug|Any CPU
		{7CDB51EB-5011-4F27-BE8A-740BB8326F36}.Release|Any CPU.ActiveCfg = Release|Any CPU
		{7CDB51EB-5011-4F27-BE8A-740BB8326F36}.Release|Any CPU.Build.0 = Release|Any CPU
	EndGlobalSection
	GlobalSection(SolutionProperties) = preSolution
		HideSolutionNode = FALSE
	EndGlobalSection
	GlobalSection(ExtensibilityGlobals) = postSolution
		SolutionGuid = {ACFD69EF-BFF6-4878-AA39-A84FC9AFAC47}
	EndGlobalSection
EndGlobal
